// !$*UTF8*$!
{
	archiveVersion = 1;
	classes = {
	};
	objectVersion = 56;
	objects = {

/* Begin PBXBuildFile section */
		9051DFE62A9C6ED7004D4AB6 /* LocationSimulatorApp.swift in Sources */ = {isa = PBXBuildFile; fileRef = 9051DFE52A9C6ED7004D4AB6 /* LocationSimulatorApp.swift */; };
		9051DFE82A9C6ED7004D4AB6 /* CombineView.swift in Sources */ = {isa = PBXBuildFile; fileRef = 9051DFE72A9C6ED7004D4AB6 /* CombineView.swift */; };
		9051DFEA2A9C6ED8004D4AB6 /* Assets.xcassets in Resources */ = {isa = PBXBuildFile; fileRef = 9051DFE92A9C6ED8004D4AB6 /* Assets.xcassets */; };
		9051DFED2A9C6ED8004D4AB6 /* Preview Assets.xcassets in Resources */ = {isa = PBXBuildFile; fileRef = 9051DFEC2A9C6ED8004D4AB6 /* Preview Assets.xcassets */; };
		9051DFF42A9C6F9E004D4AB6 /* LocationFileParser.swift in Sources */ = {isa = PBXBuildFile; fileRef = 9051DFF32A9C6F9E004D4AB6 /* LocationFileParser.swift */; };
		9051DFF62A9C70BE004D4AB6 /* gps.data in Resources */ = {isa = PBXBuildFile; fileRef = 9051DFF52A9C70BE004D4AB6 /* gps.data */; };
		9051DFF82A9C7103004D4AB6 /* CLLocationCombineSimulator.swift in Sources */ = {isa = PBXBuildFile; fileRef = 9051DFF72A9C7103004D4AB6 /* CLLocationCombineSimulator.swift */; };
		90D5953E2AAAF6E500B0CECE /* CLLocationBaseSimulator.swift in Sources */ = {isa = PBXBuildFile; fileRef = 90D5953D2AAAF6E500B0CECE /* CLLocationBaseSimulator.swift */; };
		90D595402AAB020E00B0CECE /* CLLocationPublisherSimulator.swift in Sources */ = {isa = PBXBuildFile; fileRef = 90D5953F2AAB020E00B0CECE /* CLLocationPublisherSimulator.swift */; };
		90D595422AAB0D5F00B0CECE /* PublishersView.swift in Sources */ = {isa = PBXBuildFile; fileRef = 90D595412AAB0D5F00B0CECE /* PublishersView.swift */; };
/* End PBXBuildFile section */

/* Begin PBXFileReference section */
		9051DFE22A9C6ED7004D4AB6 /* LocationSimulator.app */ = {isa = PBXFileReference; explicitFileType = wrapper.application; includeInIndex = 0; path = LocationSimulator.app; sourceTree = BUILT_PRODUCTS_DIR; };
		9051DFE52A9C6ED7004D4AB6 /* LocationSimulatorApp.swift */ = {isa = PBXFileReference; lastKnownFileType = sourcecode.swift; path = LocationSimulatorApp.swift; sourceTree = "<group>"; };
		9051DFE72A9C6ED7004D4AB6 /* CombineView.swift */ = {isa = PBXFileReference; lastKnownFileType = sourcecode.swift; path = CombineView.swift; sourceTree = "<group>"; };
		9051DFE92A9C6ED8004D4AB6 /* Assets.xcassets */ = {isa = PBXFileReference; lastKnownFileType = folder.assetcatalog; path = Assets.xcassets; sourceTree = "<group>"; };
		9051DFEC2A9C6ED8004D4AB6 /* Preview Assets.xcassets */ = {isa = PBXFileReference; lastKnownFileType = folder.assetcatalog; path = "Preview Assets.xcassets"; sourceTree = "<group>"; };
		9051DFF32A9C6F9E004D4AB6 /* LocationFileParser.swift */ = {isa = PBXFileReference; lastKnownFileType = sourcecode.swift; path = LocationFileParser.swift; sourceTree = "<group>"; };
		9051DFF52A9C70BE004D4AB6 /* gps.data */ = {isa = PBXFileReference; fileEncoding = 4; lastKnownFileType = text; path = gps.data; sourceTree = "<group>"; };
		9051DFF72A9C7103004D4AB6 /* CLLocationCombineSimulator.swift */ = {isa = PBXFileReference; lastKnownFileType = sourcecode.swift; path = CLLocationCombineSimulator.swift; sourceTree = "<group>"; };
		90D5953D2AAAF6E500B0CECE /* CLLocationBaseSimulator.swift */ = {isa = PBXFileReference; lastKnownFileType = sourcecode.swift; path = CLLocationBaseSimulator.swift; sourceTree = "<group>"; };
		90D5953F2AAB020E00B0CECE /* CLLocationPublisherSimulator.swift */ = {isa = PBXFileReference; lastKnownFileType = sourcecode.swift; path = CLLocationPublisherSimulator.swift; sourceTree = "<group>"; };
		90D595412AAB0D5F00B0CECE /* PublishersView.swift */ = {isa = PBXFileReference; lastKnownFileType = sourcecode.swift; path = PublishersView.swift; sourceTree = "<group>"; };
/* End PBXFileReference section */

/* Begin PBXFrameworksBuildPhase section */
		9051DFDF2A9C6ED7004D4AB6 /* Frameworks */ = {
			isa = PBXFrameworksBuildPhase;
			buildActionMask = 2147483647;
			files = (
			);
			runOnlyForDeploymentPostprocessing = 0;
		};
/* End PBXFrameworksBuildPhase section */

/* Begin PBXGroup section */
		9051DFD92A9C6ED7004D4AB6 = {
			isa = PBXGroup;
			children = (
				9051DFE42A9C6ED7004D4AB6 /* LocationSimulator */,
				9051DFE32A9C6ED7004D4AB6 /* Products */,
			);
			sourceTree = "<group>";
		};
		9051DFE32A9C6ED7004D4AB6 /* Products */ = {
			isa = PBXGroup;
			children = (
				9051DFE22A9C6ED7004D4AB6 /* LocationSimulator.app */,
			);
			name = Products;
			sourceTree = "<group>";
		};
		9051DFE42A9C6ED7004D4AB6 /* LocationSimulator */ = {
			isa = PBXGroup;
			children = (
				9051DFE52A9C6ED7004D4AB6 /* LocationSimulatorApp.swift */,
				9051DFE72A9C6ED7004D4AB6 /* CombineView.swift */,
				90D595412AAB0D5F00B0CECE /* PublishersView.swift */,
				9051DFF32A9C6F9E004D4AB6 /* LocationFileParser.swift */,
				9051DFF72A9C7103004D4AB6 /* CLLocationCombineSimulator.swift */,
				90D5953F2AAB020E00B0CECE /* CLLocationPublisherSimulator.swift */,
				90D5953D2AAAF6E500B0CECE /* CLLocationBaseSimulator.swift */,
				9051DFF52A9C70BE004D4AB6 /* gps.data */,
				9051DFE92A9C6ED8004D4AB6 /* Assets.xcassets */,
				9051DFEB2A9C6ED8004D4AB6 /* Preview Content */,
			);
			path = LocationSimulator;
			sourceTree = "<group>";
		};
		9051DFEB2A9C6ED8004D4AB6 /* Preview Content */ = {
			isa = PBXGroup;
			children = (
				9051DFEC2A9C6ED8004D4AB6 /* Preview Assets.xcassets */,
			);
			path = "Preview Content";
			sourceTree = "<group>";
		};
/* End PBXGroup section */

/* Begin PBXNativeTarget section */
		9051DFE12A9C6ED7004D4AB6 /* LocationSimulator */ = {
			isa = PBXNativeTarget;
			buildConfigurationList = 9051DFF02A9C6ED8004D4AB6 /* Build configuration list for PBXNativeTarget "LocationSimulator" */;
			buildPhases = (
				9051DFDE2A9C6ED7004D4AB6 /* Sources */,
				9051DFDF2A9C6ED7004D4AB6 /* Frameworks */,
				9051DFE02A9C6ED7004D4AB6 /* Resources */,
			);
			buildRules = (
			);
			dependencies = (
			);
			name = LocationSimulator;
			productName = LocationSimulator;
			productReference = 9051DFE22A9C6ED7004D4AB6 /* LocationSimulator.app */;
			productType = "com.apple.product-type.application";
		};
/* End PBXNativeTarget section */

/* Begin PBXProject section */
		9051DFDA2A9C6ED7004D4AB6 /* Project object */ = {
			isa = PBXProject;
			attributes = {
				BuildIndependentTargetsInParallel = 1;
				LastSwiftUpdateCheck = 1430;
				LastUpgradeCheck = 1430;
				TargetAttributes = {
					9051DFE12A9C6ED7004D4AB6 = {
						CreatedOnToolsVersion = 14.3.1;
					};
				};
			};
			buildConfigurationList = 9051DFDD2A9C6ED7004D4AB6 /* Build configuration list for PBXProject "LocationSimulator" */;
			compatibilityVersion = "Xcode 14.0";
			developmentRegion = en;
			hasScannedForEncodings = 0;
			knownRegions = (
				en,
				Base,
			);
			mainGroup = 9051DFD92A9C6ED7004D4AB6;
			productRefGroup = 9051DFE32A9C6ED7004D4AB6 /* Products */;
			projectDirPath = "";
			projectRoot = "";
			targets = (
				9051DFE12A9C6ED7004D4AB6 /* LocationSimulator */,
			);
		};
/* End PBXProject section */

/* Begin PBXResourcesBuildPhase section */
		9051DFE02A9C6ED7004D4AB6 /* Resources */ = {
			isa = PBXResourcesBuildPhase;
			buildActionMask = 2147483647;
			files = (
				9051DFED2A9C6ED8004D4AB6 /* Preview Assets.xcassets in Resources */,
				9051DFF62A9C70BE004D4AB6 /* gps.data in Resources */,
				9051DFEA2A9C6ED8004D4AB6 /* Assets.xcassets in Resources */,
			);
			runOnlyForDeploymentPostprocessing = 0;
		};
/* End PBXResourcesBuildPhase section */

/* Begin PBXSourcesBuildPhase section */
		9051DFDE2A9C6ED7004D4AB6 /* Sources */ = {
			isa = PBXSourcesBuildPhase;
			buildActionMask = 2147483647;
			files = (
				9051DFF82A9C7103004D4AB6 /* CLLocationCombineSimulator.swift in Sources */,
				90D595402AAB020E00B0CECE /* CLLocationPublisherSimulator.swift in Sources */,
				9051DFE82A9C6ED7004D4AB6 /* CombineView.swift in Sources */,
				90D595422AAB0D5F00B0CECE /* PublishersView.swift in Sources */,
				90D5953E2AAAF6E500B0CECE /* CLLocationBaseSimulator.swift in Sources */,
				9051DFE62A9C6ED7004D4AB6 /* LocationSimulatorApp.swift in Sources */,
				9051DFF42A9C6F9E004D4AB6 /* LocationFileParser.swift in Sources */,
			);
			runOnlyForDeploymentPostprocessing = 0;
		};
/* End PBXSourcesBuildPhase section */

/* Begin XCBuildConfiguration section */
		9051DFEE2A9C6ED8004D4AB6 /* Debug */ = {
			isa = XCBuildConfiguration;
			buildSettings = {
				ALWAYS_SEARCH_USER_PATHS = NO;
				CLANG_ANALYZER_NONNULL = YES;
				CLANG_ANALYZER_NUMBER_OBJECT_CONVERSION = YES_AGGRESSIVE;
				CLANG_CXX_LANGUAGE_STANDARD = "gnu++20";
				CLANG_ENABLE_MODULES = YES;
				CLANG_ENABLE_OBJC_ARC = YES;
				CLANG_ENABLE_OBJC_WEAK = YES;
				CLANG_WARN_BLOCK_CAPTURE_AUTORELEASING = YES;
				CLANG_WARN_BOOL_CONVERSION = YES;
				CLANG_WARN_COMMA = YES;
				CLANG_WARN_CONSTANT_CONVERSION = YES;
				CLANG_WARN_DEPRECATED_OBJC_IMPLEMENTATIONS = YES;
				CLANG_WARN_DIRECT_OBJC_ISA_USAGE = YES_ERROR;
				CLANG_WARN_DOCUMENTATION_COMMENTS = YES;
				CLANG_WARN_EMPTY_BODY = YES;
				CLANG_WARN_ENUM_CONVERSION = YES;
				CLANG_WARN_INFINITE_RECURSION = YES;
				CLANG_WARN_INT_CONVERSION = YES;
				CLANG_WARN_NON_LITERAL_NULL_CONVERSION = YES;
				CLANG_WARN_OBJC_IMPLICIT_RETAIN_SELF = YES;
				CLANG_WARN_OBJC_LITERAL_CONVERSION = YES;
				CLANG_WARN_OBJC_ROOT_CLASS = YES_ERROR;
				CLANG_WARN_QUOTED_INCLUDE_IN_FRAMEWORK_HEADER = YES;
				CLANG_WARN_RANGE_LOOP_ANALYSIS = YES;
				CLANG_WARN_STRICT_PROTOTYPES = YES;
				CLANG_WARN_SUSPICIOUS_MOVE = YES;
				CLANG_WARN_UNGUARDED_AVAILABILITY = YES_AGGRESSIVE;
				CLANG_WARN_UNREACHABLE_CODE = YES;
				CLANG_WARN__DUPLICATE_METHOD_MATCH = YES;
				COPY_PHASE_STRIP = NO;
				DEBUG_INFORMATION_FORMAT = dwarf;
				ENABLE_STRICT_OBJC_MSGSEND = YES;
				ENABLE_TESTABILITY = YES;
				GCC_C_LANGUAGE_STANDARD = gnu11;
				GCC_DYNAMIC_NO_PIC = NO;
				GCC_NO_COMMON_BLOCKS = YES;
				GCC_OPTIMIZATION_LEVEL = 0;
				GCC_PREPROCESSOR_DEFINITIONS = (
					"DEBUG=1",
					"$(inherited)",
				);
				GCC_WARN_64_TO_32_BIT_CONVERSION = YES;
				GCC_WARN_ABOUT_RETURN_TYPE = YES_ERROR;
				GCC_WARN_UNDECLARED_SELECTOR = YES;
				GCC_WARN_UNINITIALIZED_AUTOS = YES_AGGRESSIVE;
				GCC_WARN_UNUSED_FUNCTION = YES;
				GCC_WARN_UNUSED_VARIABLE = YES;
				IPHONEOS_DEPLOYMENT_TARGET = 16.4;
				MTL_ENABLE_DEBUG_INFO = INCLUDE_SOURCE;
				MTL_FAST_MATH = YES;
				ONLY_ACTIVE_ARCH = YES;
				SDKROOT = iphoneos;
				SWIFT_ACTIVE_COMPILATION_CONDITIONS = DEBUG;
				SWIFT_OPTIMIZATION_LEVEL = "-Onone";
			};
			name = Debug;
		};
		9051DFEF2A9C6ED8004D4AB6 /* Release */ = {
			isa = XCBuildConfiguration;
			buildSettings = {
				ALWAYS_SEARCH_USER_PATHS = NO;
				CLANG_ANALYZER_NONNULL = YES;
				CLANG_ANALYZER_NUMBER_OBJECT_CONVERSION = YES_AGGRESSIVE;
				CLANG_CXX_LANGUAGE_STANDARD = "gnu++20";
				CLANG_ENABLE_MODULES = YES;
				CLANG_ENABLE_OBJC_ARC = YES;
				CLANG_ENABLE_OBJC_WEAK = YES;
				CLANG_WARN_BLOCK_CAPTURE_AUTORELEASING = YES;
				CLANG_WARN_BOOL_CONVERSION = YES;
				CLANG_WARN_COMMA = YES;
				CLANG_WARN_CONSTANT_CONVERSION = YES;
				CLANG_WARN_DEPRECATED_OBJC_IMPLEMENTATIONS = YES;
				CLANG_WARN_DIRECT_OBJC_ISA_USAGE = YES_ERROR;
				CLANG_WARN_DOCUMENTATION_COMMENTS = YES;
				CLANG_WARN_EMPTY_BODY = YES;
				CLANG_WARN_ENUM_CONVERSION = YES;
				CLANG_WARN_INFINITE_RECURSION = YES;
				CLANG_WARN_INT_CONVERSION = YES;
				CLANG_WARN_NON_LITERAL_NULL_CONVERSION = YES;
				CLANG_WARN_OBJC_IMPLICIT_RETAIN_SELF = YES;
				CLANG_WARN_OBJC_LITERAL_CONVERSION = YES;
				CLANG_WARN_OBJC_ROOT_CLASS = YES_ERROR;
				CLANG_WARN_QUOTED_INCLUDE_IN_FRAMEWORK_HEADER = YES;
				CLANG_WARN_RANGE_LOOP_ANALYSIS = YES;
				CLANG_WARN_STRICT_PROTOTYPES = YES;
				CLANG_WARN_SUSPICIOUS_MOVE = YES;
				CLANG_WARN_UNGUARDED_AVAILABILITY = YES_AGGRESSIVE;
				CLANG_WARN_UNREACHABLE_CODE = YES;
				CLANG_WARN__DUPLICATE_METHOD_MATCH = YES;
				COPY_PHASE_STRIP = NO;
				DEBUG_INFORMATION_FORMAT = "dwarf-with-dsym";
				ENABLE_NS_ASSERTIONS = NO;
				ENABLE_STRICT_OBJC_MSGSEND = YES;
				GCC_C_LANGUAGE_STANDARD = gnu11;
				GCC_NO_COMMON_BLOCKS = YES;
				GCC_WARN_64_TO_32_BIT_CONVERSION = YES;
				GCC_WARN_ABOUT_RETURN_TYPE = YES_ERROR;
				GCC_WARN_UNDECLARED_SELECTOR = YES;
				GCC_WARN_UNINITIALIZED_AUTOS = YES_AGGRESSIVE;
				GCC_WARN_UNUSED_FUNCTION = YES;
				GCC_WARN_UNUSED_VARIABLE = YES;
				IPHONEOS_DEPLOYMENT_TARGET = 16.4;
				MTL_ENABLE_DEBUG_INFO = NO;
				MTL_FAST_MATH = YES;
				SDKROOT = iphoneos;
				SWIFT_COMPILATION_MODE = wholemodule;
				SWIFT_OPTIMIZATION_LEVEL = "-O";
				VALIDATE_PRODUCT = YES;
			};
			name = Release;
		};
		9051DFF12A9C6ED8004D4AB6 /* Debug */ = {
			isa = XCBuildConfiguration;
			buildSettings = {
				ASSETCATALOG_COMPILER_APPICON_NAME = AppIcon;
				ASSETCATALOG_COMPILER_GLOBAL_ACCENT_COLOR_NAME = AccentColor;
				CODE_SIGN_STYLE = Automatic;
				CURRENT_PROJECT_VERSION = 1;
				DEVELOPMENT_ASSET_PATHS = "\"LocationSimulator/Preview Content\"";
				DEVELOPMENT_TEAM = UUJRBNS4WM;
				ENABLE_PREVIEWS = YES;
				GENERATE_INFOPLIST_FILE = YES;
				INFOPLIST_KEY_UIApplicationSceneManifest_Generation = YES;
				INFOPLIST_KEY_UIApplicationSupportsIndirectInputEvents = YES;
				INFOPLIST_KEY_UILaunchScreen_Generation = YES;
				INFOPLIST_KEY_UISupportedInterfaceOrientations_iPad = "UIInterfaceOrientationPortrait UIInterfaceOrientationPortraitUpsideDown UIInterfaceOrientationLandscapeLeft UIInterfaceOrientationLandscapeRight";
				INFOPLIST_KEY_UISupportedInterfaceOrientations_iPhone = "UIInterfaceOrientationPortrait UIInterfaceOrientationLandscapeLeft UIInterfaceOrientationLandscapeRight";
				LD_RUNPATH_SEARCH_PATHS = (
					"$(inherited)",
					"@executable_path/Frameworks",
				);
				MARKETING_VERSION = 1.0;
				PRODUCT_BUNDLE_IDENTIFIER = app.antongubarenko.LocationSimulator;
				PRODUCT_NAME = "$(TARGET_NAME)";
				SWIFT_EMIT_LOC_STRINGS = YES;
				SWIFT_VERSION = 5.0;
				TARGETED_DEVICE_FAMILY = "1,2";
			};
			name = Debug;
		};
		9051DFF22A9C6ED8004D4AB6 /* Release */ = {
			isa = XCBuildConfiguration;
			buildSettings = {
				ASSETCATALOG_COMPILER_APPICON_NAME = AppIcon;
				ASSETCATALOG_COMPILER_GLOBAL_ACCENT_COLOR_NAME = AccentColor;
				CODE_SIGN_STYLE = Automatic;
				CURRENT_PROJECT_VERSION = 1;
				DEVELOPMENT_ASSET_PATHS = "\"LocationSimulator/Preview Content\"";
				DEVELOPMENT_TEAM = UUJRBNS4WM;
				ENABLE_PREVIEWS = YES;
				GENERATE_INFOPLIST_FILE = YES;
				INFOPLIST_KEY_UIApplicationSceneManifest_Generation = YES;
				INFOPLIST_KEY_UIApplicationSupportsIndirectInputEvents = YES;
				INFOPLIST_KEY_UILaunchScreen_Generation = YES;
				INFOPLIST_KEY_UISupportedInterfaceOrientations_iPad = "UIInterfaceOrientationPortrait UIInterfaceOrientationPortraitUpsideDown UIInterfaceOrientationLandscapeLeft UIInterfaceOrientationLandscapeRight";
				INFOPLIST_KEY_UISupportedInterfaceOrientations_iPhone = "UIInterfaceOrientationPortrait UIInterfaceOrientationLandscapeLeft UIInterfaceOrientationLandscapeRight";
				LD_RUNPATH_SEARCH_PATHS = (
					"$(inherited)",
					"@executable_path/Frameworks",
				);
				MARKETING_VERSION = 1.0;
				PRODUCT_BUNDLE_IDENTIFIER = app.antongubarenko.LocationSimulator;
				PRODUCT_NAME = "$(TARGET_NAME)";
				SWIFT_EMIT_LOC_STRINGS = YES;
				SWIFT_VERSION = 5.0;
				TARGETED_DEVICE_FAMILY = "1,2";
			};
			name = Release;
		};
/* End XCBuildConfiguration section */

/* Begin XCConfigurationList section */
		9051DFDD2A9C6ED7004D4AB6 /* Build configuration list for PBXProject "LocationSimulator" */ = {
			isa = XCConfigurationList;
			buildConfigurations = (
				9051DFEE2A9C6ED8004D4AB6 /* Debug */,
				9051DFEF2A9C6ED8004D4AB6 /* Release */,
			);
			defaultConfigurationIsVisible = 0;
			defaultConfigurationName = Release;
		};
		9051DFF02A9C6ED8004D4AB6 /* Build configuration list for PBXNativeTarget "LocationSimulator" */ = {
			isa = XCConfigurationList;
			buildConfigurations = (
				9051DFF12A9C6ED8004D4AB6 /* Debug */,
				9051DFF22A9C6ED8004D4AB6 /* Release */,
			);
			defaultConfigurationIsVisible = 0;
			defaultConfigurationName = Release;
		};
/* End XCConfigurationList section */
	};
	rootObject = 9051DFDA2A9C6ED7004D4AB6 /* Project object */;
}
